
Microsoft Visual Studio Solution File, Format Version 12.00
# Visual Studio 2012
Project("{FAE04EC0-301F-11D3-BF4B-00C04F79EFBC}") = "XFStudyBase", "XFStudyBase\XFStudyBase.csproj", "{A43714BD-B45E-4BD6-B9AF-C73E0A745D77}"
EndProject
Project("{FAE04EC0-301F-11D3-BF4B-00C04F79EFBC}") = "XFStudyBase.iOS", "iOS\XFStudyBase.iOS.csproj", "{A79024F7-A3A3-4421-85D5-8A88B3F2CA5E}"
EndProject
Project("{FAE04EC0-301F-11D3-BF4B-00C04F79EFBC}") = "XFStudyBase.Droid", "Droid\XFStudyBase.Droid.csproj", "{3CE3A7F6-6EC8-4A66-8C27-6D7A0DCE5042}"
EndProject
Global
	GlobalSection(SolutionConfigurationPlatforms) = preSolution
		Debug|Any CPU = Debug|Any CPU
		Release|Any CPU = Release|Any CPU
		Debug|iPhoneSimulator = Debug|iPhoneSimulator
		Release|iPhone = Release|iPhone
		Release|iPhoneSimulator = Release|iPhoneSimulator
		Debug|iPhone = Debug|iPhone
	EndGlobalSection
	GlobalSection(ProjectConfigurationPlatforms) = postSolution
		{A43714BD-B45E-4BD6-B9AF-C73E0A745D77}.Debug|Any CPU.ActiveCfg = Debug|Any CPU
		{A43714BD-B45E-4BD6-B9AF-C73E0A745D77}.Debug|Any CPU.Build.0 = Debug|Any CPU
		{A43714BD-B45E-4BD6-B9AF-C73E0A745D77}.Release|Any CPU.ActiveCfg = Release|Any CPU
		{A43714BD-B45E-4BD6-B9AF-C73E0A745D77}.Release|Any CPU.Build.0 = Release|Any CPU
		{A43714BD-B45E-4BD6-B9AF-C73E0A745D77}.Debug|iPhoneSimulator.ActiveCfg = Debug|Any CPU
		{A43714BD-B45E-4BD6-B9AF-C73E0A745D77}.Debug|iPhoneSimulator.Build.0 = Debug|Any CPU
		{A43714BD-B45E-4BD6-B9AF-C73E0A745D77}.Release|iPhone.ActiveCfg = Release|Any CPU
		{A43714BD-B45E-4BD6-B9AF-C73E0A745D77}.Release|iPhone.Build.0 = Release|Any CPU
		{A43714BD-B45E-4BD6-B9AF-C73E0A745D77}.Release|iPhoneSimulator.ActiveCfg = Release|Any CPU
		{A43714BD-B45E-4BD6-B9AF-C73E0A745D77}.Release|iPhoneSimulator.Build.0 = Release|Any CPU
		{A43714BD-B45E-4BD6-B9AF-C73E0A745D77}.Debug|iPhone.ActiveCfg = Debug|Any CPU
		{A43714BD-B45E-4BD6-B9AF-C73E0A745D77}.Debug|iPhone.Build.0 = Debug|Any CPU
		{A79024F7-A3A3-4421-85D5-8A88B3F2CA5E}.Debug|Any CPU.ActiveCfg = Debug|iPhoneSimulator
		{A79024F7-A3A3-4421-85D5-8A88B3F2CA5E}.Debug|Any CPU.Build.0 = Debug|iPhoneSimulator
		{A79024F7-A3A3-4421-85D5-8A88B3F2CA5E}.Release|Any CPU.ActiveCfg = Release|iPhone
		{A79024F7-A3A3-4421-85D5-8A88B3F2CA5E}.Release|Any CPU.Build.0 = Release|iPhone
		{A79024F7-A3A3-4421-85D5-8A88B3F2CA5E}.Debug|iPhoneSimulator.ActiveCfg = Debug|iPhoneSimulator
		{A79024F7-A3A3-4421-85D5-8A88B3F2CA5E}.Debug|iPhoneSimulator.Build.0 = Debug|iPhoneSimulator
		{A79024F7-A3A3-4421-85D5-8A88B3F2CA5E}.Release|iPhone.ActiveCfg = Release|iPhone
		{A79024F7-A3A3-4421-85D5-8A88B3F2CA5E}.Release|iPhone.Build.0 = Release|iPhone
		{A79024F7-A3A3-4421-85D5-8A88B3F2CA5E}.Release|iPhoneSimulator.ActiveCfg = Release|iPhoneSimulator
		{A79024F7-A3A3-4421-85D5-8A88B3F2CA5E}.Release|iPhoneSimulator.Build.0 = Release|iPhoneSimulator
		{A79024F7-A3A3-4421-85D5-8A88B3F2CA5E}.Debug|iPhone.ActiveCfg = Debug|iPhone
		{A79024F7-A3A3-4421-85D5-8A88B3F2CA5E}.Debug|iPhone.Build.0 = Debug|iPhone
		{3CE3A7F6-6EC8-4A66-8C27-6D7A0DCE5042}.Debug|Any CPU.ActiveCfg = Debug|Any CPU
		{3CE3A7F6-6EC8-4A66-8C27-6D7A0DCE5042}.Debug|Any CPU.Build.0 = Debug|Any CPU
		{3CE3A7F6-6EC8-4A66-8C27-6D7A0DCE5042}.Release|Any CPU.ActiveCfg = Release|Any CPU
		{3CE3A7F6-6EC8-4A66-8C27-6D7A0DCE5042}.Release|Any CPU.Build.0 = Release|Any CPU
		{3CE3A7F6-6EC8-4A66-8C27-6D7A0DCE5042}.Debug|iPhoneSimulator.ActiveCfg = Debug|Any CPU
		{3CE3A7F6-6EC8-4A66-8C27-6D7A0DCE5042}.Debug|iPhoneSimulator.Build.0 = Debug|Any CPU
		{3CE3A7F6-6EC8-4A66-8C27-6D7A0DCE5042}.Release|iPhone.ActiveCfg = Release|Any CPU
		{3CE3A7F6-6EC8-4A66-8C27-6D7A0DCE5042}.Release|iPhone.Build.0 = Release|Any CPU
		{3CE3A7F6-6EC8-4A66-8C27-6D7A0DCE5042}.Release|iPhoneSimulator.ActiveCfg = Release|Any CPU
		{3CE3A7F6-6EC8-4A66-8C27-6D7A0DCE5042}.Release|iPhoneSimulator.Build.0 = Release|Any CPU
		{3CE3A7F6-6EC8-4A66-8C27-6D7A0DCE5042}.Debug|iPhone.ActiveCfg = Debug|Any CPU
		{3CE3A7F6-6EC8-4A66-8C27-6D7A0DCE5042}.Debug|iPhone.Build.0 = Debug|Any CPU
	EndGlobalSection
EndGlobal
